
Microsoft Visual Studio Solution File, Format Version 12.00
# Visual Studio Version 17
VisualStudioVersion = 17.6.33829.357
MinimumVisualStudioVersion = 10.0.40219.1
Project("{FAE04EC0-301F-11D3-BF4B-00C04F79EFBC}") = "StripeDemo", "StripeDemo\StripeDemo.csproj", "{026F5337-A809-4C7E-B193-8FB40FEB9551}"
EndProject
Global
	GlobalSection(SolutionConfigurationPlatforms) = preSolution
		Debug|Any CPU = Debug|Any CPU
		Release|Any CPU = Release|Any CPU
	EndGlobalSection
	GlobalSection(ProjectConfigurationPlatforms) = postSolution
		{026F5337-A809-4C7E-B193-8FB40FEB9551}.Debug|Any CPU.ActiveCfg = Debug|Any CPU
		{026F5337-A809-4C7E-B193-8FB40FEB9551}.Debug|Any CPU.Build.0 = Debug|Any CPU
		{026F5337-A809-4C7E-B193-8FB40FEB9551}.Release|Any CPU.ActiveCfg = Release|Any CPU
		{026F5337-A809-4C7E-B193-8FB40FEB9551}.Release|Any CPU.Build.0 = Release|Any CPU
	EndGlobalSection
	GlobalSection(SolutionProperties) = preSolution
		HideSolutionNode = FALSE
	EndGlobalSection
	GlobalSection(ExtensibilityGlobals) = postSolution
		SolutionGuid = {97DA1D7D-CD8A-4963-9626-DCCAD1A9E5C2}
	EndGlobalSection
EndGlobal
